
Microsoft Visual Studio Solution File, Format Version 12.00
# Visual Studio Version 17
VisualStudioVersion = 17.0.32112.339
MinimumVisualStudioVersion = 10.0.40219.1
Project("{8BC9CEB8-8B4A-11D0-8D11-00A0C91BC942}") = "visualdemo", "visualdemo\visualdemo.vcxproj", "{449210A2-05B9-4FFA-B585-5221A9461147}"
EndProject
Global
	GlobalSection(SolutionConfigurationPlatforms) = preSolution
		Debug|x64 = Debug|x64
		Debug|x86 = Debug|x86
		Release|x64 = Release|x64
		Release|x86 = Release|x86
	EndGlobalSection
	GlobalSection(ProjectConfigurationPlatforms) = postSolution
		{449210A2-05B9-4FFA-B585-5221A9461147}.Debug|x64.ActiveCfg = Debug|x64
		{449210A2-05B9-4FFA-B585-5221A9461147}.Debug|x64.Build.0 = Debug|x64
		{449210A2-05B9-4FFA-B585-5221A9461147}.Debug|x86.ActiveCfg = Debug|Win32
		{449210A2-05B9-4FFA-B585-5221A9461147}.Debug|x86.Build.0 = Debug|Win32
		{449210A2-05B9-4FFA-B585-5221A9461147}.Release|x64.ActiveCfg = Release|x64
		{449210A2-05B9-4FFA-B585-5221A9461147}.Release|x64.Build.0 = Release|x64
		{449210A2-05B9-4FFA-B585-5221A9461147}.Release|x86.ActiveCfg = Release|Win32
		{449210A2-05B9-4FFA-B585-5221A9461147}.Release|x86.Build.0 = Release|Win32
	EndGlobalSection
	GlobalSection(SolutionProperties) = preSolution
		HideSolutionNode = FALSE
	EndGlobalSection
	GlobalSection(ExtensibilityGlobals) = postSolution
		SolutionGuid = {C4B9AAE9-9DB0-4011-9071-25503D1BFFB0}
	EndGlobalSection
EndGlobal
